// !$*UTF8*$!
{
	archiveVersion = 1;
	classes = {
	};
	objectVersion = 56;
	objects = {

/* Begin PBXBuildFile section */
		1844D4C252E9493095948B7F /* MudsnoteCompanionApp.swift in Sources */ = {isa = PBXBuildFile; fileRef = B281677F4F1A49248075689A /* MudsnoteCompanionApp.swift */; };
		BFE9A7E97AB0440EA1F694BC /* AppModel.swift in Sources */ = {isa = PBXBuildFile; fileRef = 412CBF43604B493EA56023BB /* AppModel.swift */; };
		28022AA3D5C943B099DA23AA /* RootView.swift in Sources */ = {isa = PBXBuildFile; fileRef = CE171B25E9844F44907B421D /* RootView.swift */; };
		3C7A3A40961F426D89BDA2E5 /* OnboardingFolderView.swift in Sources */ = {isa = PBXBuildFile; fileRef = A76A1062657F45A39BA964EA /* OnboardingFolderView.swift */; };
		7AA4B4D5289640049A343242 /* MudsnoteTokens.swift in Sources */ = {isa = PBXBuildFile; fileRef = 8517F746D00741A39CF7D01C /* MudsnoteTokens.swift */; };
		946FE6EC45F441FC9768CF81 /* CaptureDraft.swift in Sources */ = {isa = PBXBuildFile; fileRef = 6F44114FEE314ECAA77B34DD /* CaptureDraft.swift */; };
		8E684EC683074A7F918B9D84 /* FolderAccessService.swift in Sources */ = {isa = PBXBuildFile; fileRef = 33EE5A9B767B480199D4A54D /* FolderAccessService.swift */; };
		2361A527D203476A8346F2B1 /* PendingWriteQueue.swift in Sources */ = {isa = PBXBuildFile; fileRef = D83EF00712B84C0A93CD46ED /* PendingWriteQueue.swift */; };
		58631241752C4E18B354611E /* MarkdownFileStore.swift in Sources */ = {isa = PBXBuildFile; fileRef = B9535A450C0740B6AEFAEDB1 /* MarkdownFileStore.swift */; };
		B71900000000000000000001 /* AuthorizedLibraryPath.swift in Sources */ = {isa = PBXBuildFile; fileRef = B71900000000000000000101 /* AuthorizedLibraryPath.swift */; };
		B71900000000000000000002 /* MarkdownLibraryModels.swift in Sources */ = {isa = PBXBuildFile; fileRef = B71900000000000000000102 /* MarkdownLibraryModels.swift */; };
		B71900000000000000000003 /* MarkdownSearch.swift in Sources */ = {isa = PBXBuildFile; fileRef = B71900000000000000000103 /* MarkdownSearch.swift */; };
		A50000000000000000000001 /* AttachmentTextIndex.swift in Sources */ = {isa = PBXBuildFile; fileRef = A50000000000000000000002 /* AttachmentTextIndex.swift */; };
		E10000000000000000000001 /* NotePDFExporter.swift in Sources */ = {isa = PBXBuildFile; fileRef = E10000000000000000000002 /* NotePDFExporter.swift */; };
		F10000000000000000000001 /* AttachmentPresentationPreferences.swift in Sources */ = {isa = PBXBuildFile; fileRef = F10000000000000000000002 /* AttachmentPresentationPreferences.swift */; };
		C81000000000000000000001 /* CaptureFolderPreferences.swift in Sources */ = {isa = PBXBuildFile; fileRef = C81000000000000000000002 /* CaptureFolderPreferences.swift */; };
		A60000000000000000000001 /* DocumentScanner.swift in Sources */ = {isa = PBXBuildFile; fileRef = A60000000000000000000002 /* DocumentScanner.swift */; };
		D10000000000000000000001 /* AttachmentQuickLookPreview.swift in Sources */ = {isa = PBXBuildFile; fileRef = D10000000000000000000002 /* AttachmentQuickLookPreview.swift */; };
		A70000000000000000000001 /* MarkdownNoteLink.swift in Sources */ = {isa = PBXBuildFile; fileRef = A70000000000000000000002 /* MarkdownNoteLink.swift */; };
		A80000000000000000000001 /* MarkdownTagSyntax.swift in Sources */ = {isa = PBXBuildFile; fileRef = A80000000000000000000002 /* MarkdownTagSyntax.swift */; };
		A90000000000000000000001 /* SmartFolder.swift in Sources */ = {isa = PBXBuildFile; fileRef = A90000000000000000000002 /* SmartFolder.swift */; };
		BE055DEB12F946209B43C4E3 /* InboxParser.swift in Sources */ = {isa = PBXBuildFile; fileRef = 25A58139815644A9B64A433D /* InboxParser.swift */; };
		6EF8001D96AC4917BCF62D49 /* AudioCaptureService.swift in Sources */ = {isa = PBXBuildFile; fileRef = 678FA41769CA4AB898CB89C3 /* AudioCaptureService.swift */; };
		5420E72BAA314DC090AE0100 /* CaptureConsoleView.swift in Sources */ = {isa = PBXBuildFile; fileRef = 60279F4DC6C14B998C1972EA /* CaptureConsoleView.swift */; };
		0339CC9BFF6B4B8FA311E2A5 /* TargetMenuView.swift in Sources */ = {isa = PBXBuildFile; fileRef = EE5A6AAC5193479EAC58B423 /* TargetMenuView.swift */; };
		3EB919FABD844D5D9F8D4265 /* InboxStreamView.swift in Sources */ = {isa = PBXBuildFile; fileRef = C9A388752C1E4AE1B9AE9D37 /* InboxStreamView.swift */; };
		03B559B451EB4FE994579990 /* MarkdownPreviewView.swift in Sources */ = {isa = PBXBuildFile; fileRef = 830B7C4CF3EA4FD2B42FE760 /* MarkdownPreviewView.swift */; };
		CD6BC6DBAEF0494B96B50011 /* RecentSearchView.swift in Sources */ = {isa = PBXBuildFile; fileRef = E8F922F593974C479D7C2F8B /* RecentSearchView.swift */; };
		049C12E525C24569B9321186 /* EmptyReaderStateView.swift in Sources */ = {isa = PBXBuildFile; fileRef = B9423651A7544A8B8FC0F281 /* EmptyReaderStateView.swift */; };
		FA547B9F78274AE09A4CD50D /* SettingsRulesView.swift in Sources */ = {isa = PBXBuildFile; fileRef = 41B7FF6FD8F74113B8A31644 /* SettingsRulesView.swift */; };
		14408D328D4F4639A5BF230D /* MudsnoteAppIntents.swift in Sources */ = {isa = PBXBuildFile; fileRef = F69033F14AA546B19DA05422 /* MudsnoteAppIntents.swift */; };
		12234E9A5EF047D1ADB5F2CD /* MudsnoteCompanionWidgetBundle.swift in Sources */ = {isa = PBXBuildFile; fileRef = 230C88C96F6142B1B6262AFC /* MudsnoteCompanionWidgetBundle.swift */; };
		67EE42D2D69B47DCA0323D62 /* QuickCaptureWidget.swift in Sources */ = {isa = PBXBuildFile; fileRef = 9DF93F767020491CAC9AAF7F /* QuickCaptureWidget.swift */; };
		F6AE932DD4F742368DDBC04F /* MudsnoteCompanionWidget.appex in Embed App Extensions */ = {isa = PBXBuildFile; fileRef = 260961C19228437F9B375682 /* MudsnoteCompanionWidget.appex */; settings = {ATTRIBUTES = (RemoveHeadersOnCopy, ); }; };
		D21DB7791A2C4F4EB69B7D01 /* Assets.xcassets in Resources */ = {isa = PBXBuildFile; fileRef = A1E250D728D6484790D74691 /* Assets.xcassets */; };
		A10000000000000000000001 /* MudsnoteCompanionTests.swift in Sources */ = {isa = PBXBuildFile; fileRef = A10000000000000000000002 /* MudsnoteCompanionTests.swift */; };
		B20000000000000000000001 /* PrivacyInfo.xcprivacy in Resources */ = {isa = PBXBuildFile; fileRef = B20000000000000000000002 /* PrivacyInfo.xcprivacy */; };
		B30000000000000000000001 /* Localizable.xcstrings in Resources */ = {isa = PBXBuildFile; fileRef = B30000000000000000000003 /* Localizable.xcstrings */; };
		B30000000000000000000002 /* Localizable.xcstrings in Resources */ = {isa = PBXBuildFile; fileRef = B30000000000000000000003 /* Localizable.xcstrings */; };
		C40000000000000000000001 /* MudsnoteCompanionUITests.swift in Sources */ = {isa = PBXBuildFile; fileRef = C40000000000000000000002 /* MudsnoteCompanionUITests.swift */; };
/* End PBXBuildFile section */

/* Begin PBXContainerItemProxy section */
		A10000000000000000000003 /* PBXContainerItemProxy */ = {
			isa = PBXContainerItemProxy;
			containerPortal = 396D4DE4F5EC406CA591B3BA /* Project object */;
			proxyType = 1;
			remoteGlobalIDString = 32DC356C0D9E4A94A977B96B;
			remoteInfo = MudsnoteCompanion;
		};
		C40000000000000000000004 /* PBXContainerItemProxy */ = {
			isa = PBXContainerItemProxy;
			containerPortal = 396D4DE4F5EC406CA591B3BA /* Project object */;
			proxyType = 1;
			remoteGlobalIDString = 32DC356C0D9E4A94A977B96B;
			remoteInfo = MudsnoteCompanion;
		};
		6CC3345B9375495E94CC004E /* PBXContainerItemProxy */ = {
			isa = PBXContainerItemProxy;
			containerPortal = 396D4DE4F5EC406CA591B3BA /* Project object */;
			proxyType = 1;
			remoteGlobalIDString = D5F31F2750CD4BB488597A00;
			remoteInfo = MudsnoteCompanionWidget;
		};
/* End PBXContainerItemProxy section */

/* Begin PBXCopyFilesBuildPhase section */
		2BD0DF8FBA2B41F38CFDE003 /* Embed App Extensions */ = {
			isa = PBXCopyFilesBuildPhase;
			buildActionMask = 2147483647;
			dstPath = "";
			dstSubfolderSpec = 13;
			files = (
				F6AE932DD4F742368DDBC04F /* MudsnoteCompanionWidget.appex in Embed App Extensions */,
			);
			name = "Embed App Extensions";
			runOnlyForDeploymentPostprocessing = 0;
		};
/* End PBXCopyFilesBuildPhase section */

/* Begin PBXFileReference section */
		544C01C4630F41D6BA966C0F /* MudsnoteCompanion.app */ = {isa = PBXFileReference; explicitFileType = wrapper.application; includeInIndex = 0; path = MudsnoteCompanion.app; sourceTree = BUILT_PRODUCTS_DIR; };
		260961C19228437F9B375682 /* MudsnoteCompanionWidget.appex */ = {isa = PBXFileReference; explicitFileType = "wrapper.app-extension"; includeInIndex = 0; path = MudsnoteCompanionWidget.appex; sourceTree = BUILT_PRODUCTS_DIR; };
		A10000000000000000000004 /* MudsnoteCompanionTests.xctest */ = {isa = PBXFileReference; explicitFileType = wrapper.cfbundle; includeInIndex = 0; path = MudsnoteCompanionTests.xctest; sourceTree = BUILT_PRODUCTS_DIR; };
		DC39EAC6ECA443EAA75D1AAC /* Info.plist */ = {isa = PBXFileReference; lastKnownFileType = text.plist.xml; path = MudsnoteCompanion/Info.plist; sourceTree = "<group>"; };
		534C5FA232B2476C95A5F896 /* Info.plist */ = {isa = PBXFileReference; lastKnownFileType = text.plist.xml; path = Info.plist; sourceTree = "<group>"; };
		A10000000000000000000002 /* MudsnoteCompanionTests.swift */ = {isa = PBXFileReference; lastKnownFileType = sourcecode.swift; path = MudsnoteCompanionTests/MudsnoteCompanionTests.swift; sourceTree = "<group>"; };
		B281677F4F1A49248075689A /* MudsnoteCompanionApp.swift */ = {isa = PBXFileReference; lastKnownFileType = sourcecode.swift; path = MudsnoteCompanion/MudsnoteCompanionApp.swift; sourceTree = "<group>"; };
		230C88C96F6142B1B6262AFC /* MudsnoteCompanionWidgetBundle.swift */ = {isa = PBXFileReference; lastKnownFileType = sourcecode.swift; path = MudsnoteCompanionWidgetBundle.swift; sourceTree = "<group>"; };
		9DF93F767020491CAC9AAF7F /* QuickCaptureWidget.swift */ = {isa = PBXFileReference; lastKnownFileType = sourcecode.swift; path = QuickCaptureWidget.swift; sourceTree = "<group>"; };
		412CBF43604B493EA56023BB /* AppModel.swift */ = {isa = PBXFileReference; lastKnownFileType = sourcecode.swift; path = MudsnoteCompanion/App/AppModel.swift; sourceTree = "<group>"; };
		CE171B25E9844F44907B421D /* RootView.swift */ = {isa = PBXFileReference; lastKnownFileType = sourcecode.swift; path = MudsnoteCompanion/App/RootView.swift; sourceTree = "<group>"; };
		A76A1062657F45A39BA964EA /* OnboardingFolderView.swift */ = {isa = PBXFileReference; lastKnownFileType = sourcecode.swift; path = MudsnoteCompanion/App/OnboardingFolderView.swift; sourceTree = "<group>"; };
		8517F746D00741A39CF7D01C /* MudsnoteTokens.swift */ = {isa = PBXFileReference; lastKnownFileType = sourcecode.swift; path = MudsnoteCompanion/Design/MudsnoteTokens.swift; sourceTree = "<group>"; };
		6F44114FEE314ECAA77B34DD /* CaptureDraft.swift */ = {isa = PBXFileReference; lastKnownFileType = sourcecode.swift; path = MudsnoteCompanion/Core/CaptureDraft.swift; sourceTree = "<group>"; };
		33EE5A9B767B480199D4A54D /* FolderAccessService.swift */ = {isa = PBXFileReference; lastKnownFileType = sourcecode.swift; path = MudsnoteCompanion/Core/FolderAccessService.swift; sourceTree = "<group>"; };
		D83EF00712B84C0A93CD46ED /* PendingWriteQueue.swift */ = {isa = PBXFileReference; lastKnownFileType = sourcecode.swift; path = MudsnoteCompanion/Core/PendingWriteQueue.swift; sourceTree = "<group>"; };
		B9535A450C0740B6AEFAEDB1 /* MarkdownFileStore.swift */ = {isa = PBXFileReference; lastKnownFileType = sourcecode.swift; path = MudsnoteCompanion/Core/MarkdownFileStore.swift; sourceTree = "<group>"; };
		B71900000000000000000101 /* AuthorizedLibraryPath.swift */ = {isa = PBXFileReference; lastKnownFileType = sourcecode.swift; path = MudsnoteCompanion/Core/AuthorizedLibraryPath.swift; sourceTree = "<group>"; };
		B71900000000000000000102 /* MarkdownLibraryModels.swift */ = {isa = PBXFileReference; lastKnownFileType = sourcecode.swift; path = MudsnoteCompanion/Core/MarkdownLibraryModels.swift; sourceTree = "<group>"; };
		B71900000000000000000103 /* MarkdownSearch.swift */ = {isa = PBXFileReference; lastKnownFileType = sourcecode.swift; path = MudsnoteCompanion/Core/MarkdownSearch.swift; sourceTree = "<group>"; };
		A50000000000000000000002 /* AttachmentTextIndex.swift */ = {isa = PBXFileReference; lastKnownFileType = sourcecode.swift; path = MudsnoteCompanion/Core/AttachmentTextIndex.swift; sourceTree = "<group>"; };
		E10000000000000000000002 /* NotePDFExporter.swift */ = {isa = PBXFileReference; lastKnownFileType = sourcecode.swift; path = MudsnoteCompanion/Core/NotePDFExporter.swift; sourceTree = "<group>"; };
		F10000000000000000000002 /* AttachmentPresentationPreferences.swift */ = {isa = PBXFileReference; lastKnownFileType = sourcecode.swift; path = MudsnoteCompanion/Core/AttachmentPresentationPreferences.swift; sourceTree = "<group>"; };
		C81000000000000000000002 /* CaptureFolderPreferences.swift */ = {isa = PBXFileReference; lastKnownFileType = sourcecode.swift; path = MudsnoteCompanion/Core/CaptureFolderPreferences.swift; sourceTree = "<group>"; };
		A60000000000000000000002 /* DocumentScanner.swift */ = {isa = PBXFileReference; lastKnownFileType = sourcecode.swift; path = MudsnoteCompanion/Features/Shared/DocumentScanner.swift; sourceTree = "<group>"; };
		D10000000000000000000002 /* AttachmentQuickLookPreview.swift */ = {isa = PBXFileReference; lastKnownFileType = sourcecode.swift; path = MudsnoteCompanion/Features/Shared/AttachmentQuickLookPreview.swift; sourceTree = "<group>"; };
		A70000000000000000000002 /* MarkdownNoteLink.swift */ = {isa = PBXFileReference; lastKnownFileType = sourcecode.swift; path = MudsnoteCompanion/Core/MarkdownNoteLink.swift; sourceTree = "<group>"; };
		A80000000000000000000002 /* MarkdownTagSyntax.swift */ = {isa = PBXFileReference; lastKnownFileType = sourcecode.swift; path = MudsnoteCompanion/Core/MarkdownTagSyntax.swift; sourceTree = "<group>"; };
		A90000000000000000000002 /* SmartFolder.swift */ = {isa = PBXFileReference; lastKnownFileType = sourcecode.swift; path = MudsnoteCompanion/Core/SmartFolder.swift; sourceTree = "<group>"; };
		25A58139815644A9B64A433D /* InboxParser.swift */ = {isa = PBXFileReference; lastKnownFileType = sourcecode.swift; path = MudsnoteCompanion/Core/InboxParser.swift; sourceTree = "<group>"; };
		678FA41769CA4AB898CB89C3 /* AudioCaptureService.swift */ = {isa = PBXFileReference; lastKnownFileType = sourcecode.swift; path = MudsnoteCompanion/Core/AudioCaptureService.swift; sourceTree = "<group>"; };
		60279F4DC6C14B998C1972EA /* CaptureConsoleView.swift */ = {isa = PBXFileReference; lastKnownFileType = sourcecode.swift; path = MudsnoteCompanion/Features/Capture/CaptureConsoleView.swift; sourceTree = "<group>"; };
		EE5A6AAC5193479EAC58B423 /* TargetMenuView.swift */ = {isa = PBXFileReference; lastKnownFileType = sourcecode.swift; path = MudsnoteCompanion/Features/Capture/TargetMenuView.swift; sourceTree = "<group>"; };
		C9A388752C1E4AE1B9AE9D37 /* InboxStreamView.swift */ = {isa = PBXFileReference; lastKnownFileType = sourcecode.swift; path = MudsnoteCompanion/Features/Reader/InboxStreamView.swift; sourceTree = "<group>"; };
		830B7C4CF3EA4FD2B42FE760 /* MarkdownPreviewView.swift */ = {isa = PBXFileReference; lastKnownFileType = sourcecode.swift; path = MudsnoteCompanion/Features/Reader/MarkdownPreviewView.swift; sourceTree = "<group>"; };
		E8F922F593974C479D7C2F8B /* RecentSearchView.swift */ = {isa = PBXFileReference; lastKnownFileType = sourcecode.swift; path = MudsnoteCompanion/Features/Reader/RecentSearchView.swift; sourceTree = "<group>"; };
		B9423651A7544A8B8FC0F281 /* EmptyReaderStateView.swift */ = {isa = PBXFileReference; lastKnownFileType = sourcecode.swift; path = MudsnoteCompanion/Features/Reader/EmptyReaderStateView.swift; sourceTree = "<group>"; };
		41B7FF6FD8F74113B8A31644 /* SettingsRulesView.swift */ = {isa = PBXFileReference; lastKnownFileType = sourcecode.swift; path = MudsnoteCompanion/Features/Reader/SettingsRulesView.swift; sourceTree = "<group>"; };
		F69033F14AA546B19DA05422 /* MudsnoteAppIntents.swift */ = {isa = PBXFileReference; lastKnownFileType = sourcecode.swift; path = MudsnoteCompanion/SystemIntegrations/MudsnoteAppIntents.swift; sourceTree = "<group>"; };
		A1E250D728D6484790D74691 /* Assets.xcassets */ = {isa = PBXFileReference; lastKnownFileType = folder.assetcatalog; path = MudsnoteCompanion/Assets.xcassets; sourceTree = "<group>"; };
		B20000000000000000000002 /* PrivacyInfo.xcprivacy */ = {isa = PBXFileReference; lastKnownFileType = text.xml; path = MudsnoteCompanion/PrivacyInfo.xcprivacy; sourceTree = "<group>"; };
		B30000000000000000000003 /* Localizable.xcstrings */ = {isa = PBXFileReference; lastKnownFileType = text.json.xcstrings; path = Localizable.xcstrings; sourceTree = "<group>"; };
		C40000000000000000000002 /* MudsnoteCompanionUITests.swift */ = {isa = PBXFileReference; lastKnownFileType = sourcecode.swift; path = MudsnoteCompanionUITests/MudsnoteCompanionUITests.swift; sourceTree = "<group>"; };
		C40000000000000000000003 /* MudsnoteCompanionUITests.xctest */ = {isa = PBXFileReference; explicitFileType = wrapper.cfbundle; includeInIndex = 0; path = MudsnoteCompanionUITests.xctest; sourceTree = BUILT_PRODUCTS_DIR; };
/* End PBXFileReference section */

/* Begin PBXFrameworksBuildPhase section */
		0F619B95D9994CF6A1E27472 /* Frameworks */ = {
			isa = PBXFrameworksBuildPhase;
			buildActionMask = 2147483647;
			files = (
			);
			runOnlyForDeploymentPostprocessing = 0;
		};
		DEB88A4553C046FDA19B10D8 /* Frameworks */ = {
			isa = PBXFrameworksBuildPhase;
			buildActionMask = 2147483647;
			files = (
			);
			runOnlyForDeploymentPostprocessing = 0;
		};
		A10000000000000000000005 /* Frameworks */ = {
			isa = PBXFrameworksBuildPhase;
			buildActionMask = 2147483647;
			files = (
			);
			runOnlyForDeploymentPostprocessing = 0;
		};
		C40000000000000000000005 /* Frameworks */ = {
			isa = PBXFrameworksBuildPhase;
			buildActionMask = 2147483647;
			files = (
			);
			runOnlyForDeploymentPostprocessing = 0;
		};
/* End PBXFrameworksBuildPhase section */

/* Begin PBXGroup section */
		6431870D540048FE90D60906 = {
			isa = PBXGroup;
			children = (
				B30000000000000000000003 /* Localizable.xcstrings */,
				8487784FC7F84F59B833A785 /* MudsnoteCompanion */,
				12C606D4B69C4E55AD711A94 /* MudsnoteCompanionWidget */,
				A10000000000000000000006 /* MudsnoteCompanionTests */,
				C40000000000000000000006 /* MudsnoteCompanionUITests */,
				BB021710C229422095254580 /* Products */,
			);
			sourceTree = "<group>";
		};
		A10000000000000000000006 /* MudsnoteCompanionTests */ = {
			isa = PBXGroup;
			children = (
				A10000000000000000000002 /* MudsnoteCompanionTests.swift */,
			);
			name = MudsnoteCompanionTests;
			sourceTree = "<group>";
		};
		C40000000000000000000006 /* MudsnoteCompanionUITests */ = {
			isa = PBXGroup;
			children = (
				C40000000000000000000002 /* MudsnoteCompanionUITests.swift */,
			);
			name = MudsnoteCompanionUITests;
			sourceTree = "<group>";
		};
		12C606D4B69C4E55AD711A94 /* MudsnoteCompanionWidget */ = {
			isa = PBXGroup;
			children = (
				534C5FA232B2476C95A5F896 /* Info.plist */,
				230C88C96F6142B1B6262AFC /* MudsnoteCompanionWidgetBundle.swift */,
				9DF93F767020491CAC9AAF7F /* QuickCaptureWidget.swift */,
			);
			path = MudsnoteCompanionWidget;
			sourceTree = "<group>";
		};
		8487784FC7F84F59B833A785 /* MudsnoteCompanion */ = {
			isa = PBXGroup;
			children = (
				DC39EAC6ECA443EAA75D1AAC /* Info.plist */,
				B20000000000000000000002 /* PrivacyInfo.xcprivacy */,
				B281677F4F1A49248075689A /* MudsnoteCompanionApp.swift */,
				412CBF43604B493EA56023BB /* AppModel.swift */,
				CE171B25E9844F44907B421D /* RootView.swift */,
				A76A1062657F45A39BA964EA /* OnboardingFolderView.swift */,
				8517F746D00741A39CF7D01C /* MudsnoteTokens.swift */,
				6F44114FEE314ECAA77B34DD /* CaptureDraft.swift */,
				33EE5A9B767B480199D4A54D /* FolderAccessService.swift */,
				D83EF00712B84C0A93CD46ED /* PendingWriteQueue.swift */,
				B9535A450C0740B6AEFAEDB1 /* MarkdownFileStore.swift */,
				B71900000000000000000101 /* AuthorizedLibraryPath.swift */,
				B71900000000000000000102 /* MarkdownLibraryModels.swift */,
				B71900000000000000000103 /* MarkdownSearch.swift */,
				A50000000000000000000002 /* AttachmentTextIndex.swift */,
				E10000000000000000000002 /* NotePDFExporter.swift */,
				F10000000000000000000002 /* AttachmentPresentationPreferences.swift */,
				A60000000000000000000002 /* DocumentScanner.swift */,
				D10000000000000000000002 /* AttachmentQuickLookPreview.swift */,
				A70000000000000000000002 /* MarkdownNoteLink.swift */,
				A80000000000000000000002 /* MarkdownTagSyntax.swift */,
				A90000000000000000000002 /* SmartFolder.swift */,
				25A58139815644A9B64A433D /* InboxParser.swift */,
				678FA41769CA4AB898CB89C3 /* AudioCaptureService.swift */,
				60279F4DC6C14B998C1972EA /* CaptureConsoleView.swift */,
				EE5A6AAC5193479EAC58B423 /* TargetMenuView.swift */,
				C9A388752C1E4AE1B9AE9D37 /* InboxStreamView.swift */,
				830B7C4CF3EA4FD2B42FE760 /* MarkdownPreviewView.swift */,
				E8F922F593974C479D7C2F8B /* RecentSearchView.swift */,
				B9423651A7544A8B8FC0F281 /* EmptyReaderStateView.swift */,
				41B7FF6FD8F74113B8A31644 /* SettingsRulesView.swift */,
				F69033F14AA546B19DA05422 /* MudsnoteAppIntents.swift */,
				A1E250D728D6484790D74691 /* Assets.xcassets */,
			);
			name = MudsnoteCompanion;
			sourceTree = "<group>";
		};
		BB021710C229422095254580 /* Products */ = {
			isa = PBXGroup;
			children = (
				544C01C4630F41D6BA966C0F /* MudsnoteCompanion.app */,
				260961C19228437F9B375682 /* MudsnoteCompanionWidget.appex */,
				A10000000000000000000004 /* MudsnoteCompanionTests.xctest */,
				C40000000000000000000003 /* MudsnoteCompanionUITests.xctest */,
			);
			name = Products;
			sourceTree = "<group>";
		};
/* End PBXGroup section */

/* Begin PBXNativeTarget section */
		32DC356C0D9E4A94A977B96B /* MudsnoteCompanion */ = {
			isa = PBXNativeTarget;
			buildConfigurationList = BA6A70234BAA477CA8161F9B /* Build configuration list for PBXNativeTarget "MudsnoteCompanion" */;
			buildPhases = (
				B3366B4516A94F9591F007C9 /* Sources */,
				0F619B95D9994CF6A1E27472 /* Frameworks */,
				321130CFDF364DC880A71664 /* Resources */,
				2BD0DF8FBA2B41F38CFDE003 /* Embed App Extensions */,
			);
			buildRules = (
			);
			dependencies = (
				C19504165AE34B47AC61AEEF /* PBXTargetDependency */,
			);
			name = MudsnoteCompanion;
			productName = MudsnoteCompanion;
			productReference = 544C01C4630F41D6BA966C0F /* MudsnoteCompanion.app */;
			productType = "com.apple.product-type.application";
		};
		D5F31F2750CD4BB488597A00 /* MudsnoteCompanionWidget */ = {
			isa = PBXNativeTarget;
			buildConfigurationList = 70818856113340068C205B14 /* Build configuration list for PBXNativeTarget "MudsnoteCompanionWidget" */;
			buildPhases = (
				E919070D43D241D4BE8B6C90 /* Sources */,
				DEB88A4553C046FDA19B10D8 /* Frameworks */,
				BCED3074B1684E918D124F1C /* Resources */,
			);
			buildRules = (
			);
			dependencies = (
			);
			name = MudsnoteCompanionWidget;
			productName = MudsnoteCompanionWidget;
			productReference = 260961C19228437F9B375682 /* MudsnoteCompanionWidget.appex */;
			productType = "com.apple.product-type.app-extension";
		};
		A10000000000000000000007 /* MudsnoteCompanionTests */ = {
			isa = PBXNativeTarget;
			buildConfigurationList = A10000000000000000000008 /* Build configuration list for PBXNativeTarget "MudsnoteCompanionTests" */;
			buildPhases = (
				A10000000000000000000009 /* Sources */,
				A10000000000000000000005 /* Frameworks */,
				A1000000000000000000000A /* Resources */,
			);
			buildRules = (
			);
			dependencies = (
				A1000000000000000000000B /* PBXTargetDependency */,
			);
			name = MudsnoteCompanionTests;
			productName = MudsnoteCompanionTests;
			productReference = A10000000000000000000004 /* MudsnoteCompanionTests.xctest */;
			productType = "com.apple.product-type.bundle.unit-test";
		};
		C40000000000000000000007 /* MudsnoteCompanionUITests */ = {
			isa = PBXNativeTarget;
			buildConfigurationList = C4000000000000000000000D /* Build configuration list for PBXNativeTarget "MudsnoteCompanionUITests" */;
			buildPhases = (
				C40000000000000000000008 /* Sources */,
				C40000000000000000000005 /* Frameworks */,
				C40000000000000000000009 /* Resources */,
			);
			buildRules = (
			);
			dependencies = (
				C4000000000000000000000A /* PBXTargetDependency */,
			);
			name = MudsnoteCompanionUITests;
			productName = MudsnoteCompanionUITests;
			productReference = C40000000000000000000003 /* MudsnoteCompanionUITests.xctest */;
			productType = "com.apple.product-type.bundle.ui-testing";
		};
/* End PBXNativeTarget section */

/* Begin PBXProject section */
		396D4DE4F5EC406CA591B3BA /* Project object */ = {
			isa = PBXProject;
			attributes = {
				BuildIndependentTargetsInParallel = 1;
				LastSwiftUpdateCheck = 2605;
				LastUpgradeCheck = 2605;
				TargetAttributes = {
					32DC356C0D9E4A94A977B96B = {
						CreatedOnToolsVersion = 26.5;
					};
					D5F31F2750CD4BB488597A00 = {
						CreatedOnToolsVersion = 26.5;
					};
					A10000000000000000000007 = {
						CreatedOnToolsVersion = 26.5;
						TestTargetID = 32DC356C0D9E4A94A977B96B;
					};
					C40000000000000000000007 = {
						CreatedOnToolsVersion = 26.5;
						TestTargetID = 32DC356C0D9E4A94A977B96B;
					};
				};
			};
			buildConfigurationList = F2346075F3964A98975E28EB /* Build configuration list for PBXProject "MudsnoteCompanion" */;
			compatibilityVersion = "Xcode 14.0";
			developmentRegion = en;
			hasScannedForEncodings = 0;
			knownRegions = (
				en,
				"zh-Hans",
				Base,
			);
			mainGroup = 6431870D540048FE90D60906;
			productRefGroup = BB021710C229422095254580 /* Products */;
			projectDirPath = "";
			projectRoot = "";
			targets = (
				32DC356C0D9E4A94A977B96B /* MudsnoteCompanion */,
				D5F31F2750CD4BB488597A00 /* MudsnoteCompanionWidget */,
				A10000000000000000000007 /* MudsnoteCompanionTests */,
				C40000000000000000000007 /* MudsnoteCompanionUITests */,
			);
		};
/* End PBXProject section */

/* Begin PBXResourcesBuildPhase section */
		321130CFDF364DC880A71664 /* Resources */ = {
			isa = PBXResourcesBuildPhase;
			buildActionMask = 2147483647;
			files = (
				D21DB7791A2C4F4EB69B7D01 /* Assets.xcassets in Resources */,
				B20000000000000000000001 /* PrivacyInfo.xcprivacy in Resources */,
				B30000000000000000000001 /* Localizable.xcstrings in Resources */,
			);
			runOnlyForDeploymentPostprocessing = 0;
		};
		BCED3074B1684E918D124F1C /* Resources */ = {
			isa = PBXResourcesBuildPhase;
			buildActionMask = 2147483647;
			files = (
				B30000000000000000000002 /* Localizable.xcstrings in Resources */,
			);
			runOnlyForDeploymentPostprocessing = 0;
		};
		A1000000000000000000000A /* Resources */ = {
			isa = PBXResourcesBuildPhase;
			buildActionMask = 2147483647;
			files = (
			);
			runOnlyForDeploymentPostprocessing = 0;
		};
		C40000000000000000000009 /* Resources */ = {
			isa = PBXResourcesBuildPhase;
			buildActionMask = 2147483647;
			files = (
			);
			runOnlyForDeploymentPostprocessing = 0;
		};
/* End PBXResourcesBuildPhase section */

/* Begin PBXSourcesBuildPhase section */
		B3366B4516A94F9591F007C9 /* Sources */ = {
			isa = PBXSourcesBuildPhase;
			buildActionMask = 2147483647;
			files = (
				1844D4C252E9493095948B7F /* MudsnoteCompanionApp.swift in Sources */,
				BFE9A7E97AB0440EA1F694BC /* AppModel.swift in Sources */,
				28022AA3D5C943B099DA23AA /* RootView.swift in Sources */,
				3C7A3A40961F426D89BDA2E5 /* OnboardingFolderView.swift in Sources */,
				7AA4B4D5289640049A343242 /* MudsnoteTokens.swift in Sources */,
				946FE6EC45F441FC9768CF81 /* CaptureDraft.swift in Sources */,
				8E684EC683074A7F918B9D84 /* FolderAccessService.swift in Sources */,
				2361A527D203476A8346F2B1 /* PendingWriteQueue.swift in Sources */,
				58631241752C4E18B354611E /* MarkdownFileStore.swift in Sources */,
				B71900000000000000000001 /* AuthorizedLibraryPath.swift in Sources */,
				B71900000000000000000002 /* MarkdownLibraryModels.swift in Sources */,
				B71900000000000000000003 /* MarkdownSearch.swift in Sources */,
				A50000000000000000000001 /* AttachmentTextIndex.swift in Sources */,
				E10000000000000000000001 /* NotePDFExporter.swift in Sources */,
				F10000000000000000000001 /* AttachmentPresentationPreferences.swift in Sources */,
				C81000000000000000000001 /* CaptureFolderPreferences.swift in Sources */,
				A60000000000000000000001 /* DocumentScanner.swift in Sources */,
				D10000000000000000000001 /* AttachmentQuickLookPreview.swift in Sources */,
				A70000000000000000000001 /* MarkdownNoteLink.swift in Sources */,
				A80000000000000000000001 /* MarkdownTagSyntax.swift in Sources */,
				A90000000000000000000001 /* SmartFolder.swift in Sources */,
				BE055DEB12F946209B43C4E3 /* InboxParser.swift in Sources */,
				6EF8001D96AC4917BCF62D49 /* AudioCaptureService.swift in Sources */,
				5420E72BAA314DC090AE0100 /* CaptureConsoleView.swift in Sources */,
				0339CC9BFF6B4B8FA311E2A5 /* TargetMenuView.swift in Sources */,
				3EB919FABD844D5D9F8D4265 /* InboxStreamView.swift in Sources */,
				03B559B451EB4FE994579990 /* MarkdownPreviewView.swift in Sources */,
				CD6BC6DBAEF0494B96B50011 /* RecentSearchView.swift in Sources */,
				049C12E525C24569B9321186 /* EmptyReaderStateView.swift in Sources */,
				FA547B9F78274AE09A4CD50D /* SettingsRulesView.swift in Sources */,
				14408D328D4F4639A5BF230D /* MudsnoteAppIntents.swift in Sources */,
			);
			runOnlyForDeploymentPostprocessing = 0;
		};
		E919070D43D241D4BE8B6C90 /* Sources */ = {
			isa = PBXSourcesBuildPhase;
			buildActionMask = 2147483647;
			files = (
				12234E9A5EF047D1ADB5F2CD /* MudsnoteCompanionWidgetBundle.swift in Sources */,
				67EE42D2D69B47DCA0323D62 /* QuickCaptureWidget.swift in Sources */,
			);
			runOnlyForDeploymentPostprocessing = 0;
		};
		A10000000000000000000009 /* Sources */ = {
			isa = PBXSourcesBuildPhase;
			buildActionMask = 2147483647;
			files = (
				A10000000000000000000001 /* MudsnoteCompanionTests.swift in Sources */,
			);
			runOnlyForDeploymentPostprocessing = 0;
		};
		C40000000000000000000008 /* Sources */ = {
			isa = PBXSourcesBuildPhase;
			buildActionMask = 2147483647;
			files = (
				C40000000000000000000001 /* MudsnoteCompanionUITests.swift in Sources */,
			);
			runOnlyForDeploymentPostprocessing = 0;
		};
/* End PBXSourcesBuildPhase section */

/* Begin PBXTargetDependency section */
		A1000000000000000000000B /* PBXTargetDependency */ = {
			isa = PBXTargetDependency;
			target = 32DC356C0D9E4A94A977B96B /* MudsnoteCompanion */;
			targetProxy = A10000000000000000000003 /* PBXContainerItemProxy */;
		};
		C4000000000000000000000A /* PBXTargetDependency */ = {
			isa = PBXTargetDependency;
			target = 32DC356C0D9E4A94A977B96B /* MudsnoteCompanion */;
			targetProxy = C40000000000000000000004 /* PBXContainerItemProxy */;
		};
		C19504165AE34B47AC61AEEF /* PBXTargetDependency */ = {
			isa = PBXTargetDependency;
			target = D5F31F2750CD4BB488597A00 /* MudsnoteCompanionWidget */;
			targetProxy = 6CC3345B9375495E94CC004E /* PBXContainerItemProxy */;
		};
/* End PBXTargetDependency section */

/* Begin XCBuildConfiguration section */
		A31960730C254B15B4D65DC6 /* Debug */ = {
			isa = XCBuildConfiguration;
			buildSettings = {
				ALWAYS_SEARCH_USER_PATHS = NO;
				CLANG_ANALYZER_NONNULL = YES;
				CLANG_ANALYZER_NUMBER_OBJECT_CONVERSION = YES_AGGRESSIVE;
				CLANG_CXX_LANGUAGE_STANDARD = "gnu++20";
				CLANG_ENABLE_MODULES = YES;
				CLANG_ENABLE_OBJC_ARC = YES;
				CLANG_ENABLE_OBJC_WEAK = YES;
				CLANG_WARN_BLOCK_CAPTURE_AUTORELEASING = YES;
				CLANG_WARN_BOOL_CONVERSION = YES;
				CLANG_WARN_COMMA = YES;
				CLANG_WARN_CONSTANT_CONVERSION = YES;
				CLANG_WARN_DEPRECATED_OBJC_IMPLEMENTATIONS = YES;
				CLANG_WARN_DIRECT_OBJC_ISA_USAGE = YES_ERROR;
				CLANG_WARN_DOCUMENTATION_COMMENTS = YES;
				CLANG_WARN_EMPTY_BODY = YES;
				CLANG_WARN_ENUM_CONVERSION = YES;
				CLANG_WARN_INFINITE_RECURSION = YES;
				CLANG_WARN_INT_CONVERSION = YES;
				CLANG_WARN_NON_LITERAL_NULL_CONVERSION = YES;
				CLANG_WARN_OBJC_IMPLICIT_RETAIN_SELF = YES;
				CLANG_WARN_OBJC_LITERAL_CONVERSION = YES;
				CLANG_WARN_OBJC_ROOT_CLASS = YES_ERROR;
				CLANG_WARN_QUOTED_INCLUDE_IN_FRAMEWORK_HEADER = YES;
				CLANG_WARN_RANGE_LOOP_ANALYSIS = YES;
				CLANG_WARN_STRICT_PROTOTYPES = YES;
				CLANG_WARN_SUSPICIOUS_MOVE = YES;
				CLANG_WARN_UNGUARDED_AVAILABILITY = YES_AGGRESSIVE;
				CLANG_WARN_UNREACHABLE_CODE = YES;
				CLANG_WARN__DUPLICATE_METHOD_MATCH = YES;
				COPY_PHASE_STRIP = NO;
				DEBUG_INFORMATION_FORMAT = dwarf;
				ENABLE_STRICT_OBJC_MSGSEND = YES;
				ENABLE_TESTABILITY = YES;
				ENABLE_USER_SCRIPT_SANDBOXING = YES;
				GCC_C_LANGUAGE_STANDARD = gnu17;
				GCC_DYNAMIC_NO_PIC = NO;
				GCC_NO_COMMON_BLOCKS = YES;
				GCC_OPTIMIZATION_LEVEL = 0;
				GCC_PREPROCESSOR_DEFINITIONS = (
					"DEBUG=1",
					"$(inherited)",
				);
				GCC_WARN_64_TO_32_BIT_CONVERSION = YES;
				GCC_WARN_ABOUT_RETURN_TYPE = YES_ERROR;
				GCC_WARN_UNDECLARED_SELECTOR = YES;
				GCC_WARN_UNINITIALIZED_AUTOS = YES_AGGRESSIVE;
				GCC_WARN_UNUSED_FUNCTION = YES;
				GCC_WARN_UNUSED_VARIABLE = YES;
				IPHONEOS_DEPLOYMENT_TARGET = 17.0;
				MTL_ENABLE_DEBUG_INFO = INCLUDE_SOURCE;
				MTL_FAST_MATH = YES;
				ONLY_ACTIVE_ARCH = YES;
				SDKROOT = iphoneos;
				SWIFT_ACTIVE_COMPILATION_CONDITIONS = DEBUG;
				SWIFT_OPTIMIZATION_LEVEL = "-Onone";
			};
			name = Debug;
		};
		90618A1A4D714D5281D57B81 /* Release */ = {
			isa = XCBuildConfiguration;
			buildSettings = {
				ALWAYS_SEARCH_USER_PATHS = NO;
				CLANG_ANALYZER_NONNULL = YES;
				CLANG_ANALYZER_NUMBER_OBJECT_CONVERSION = YES_AGGRESSIVE;
				CLANG_CXX_LANGUAGE_STANDARD = "gnu++20";
				CLANG_ENABLE_MODULES = YES;
				CLANG_ENABLE_OBJC_ARC = YES;
				CLANG_ENABLE_OBJC_WEAK = YES;
				CLANG_WARN_BLOCK_CAPTURE_AUTORELEASING = YES;
				CLANG_WARN_BOOL_CONVERSION = YES;
				CLANG_WARN_COMMA = YES;
				CLANG_WARN_CONSTANT_CONVERSION = YES;
				CLANG_WARN_DEPRECATED_OBJC_IMPLEMENTATIONS = YES;
				CLANG_WARN_DIRECT_OBJC_ISA_USAGE = YES_ERROR;
				CLANG_WARN_DOCUMENTATION_COMMENTS = YES;
				CLANG_WARN_EMPTY_BODY = YES;
				CLANG_WARN_ENUM_CONVERSION = YES;
				CLANG_WARN_INFINITE_RECURSION = YES;
				CLANG_WARN_INT_CONVERSION = YES;
				CLANG_WARN_NON_LITERAL_NULL_CONVERSION = YES;
				CLANG_WARN_OBJC_IMPLICIT_RETAIN_SELF = YES;
				CLANG_WARN_OBJC_LITERAL_CONVERSION = YES;
				CLANG_WARN_OBJC_ROOT_CLASS = YES_ERROR;
				CLANG_WARN_QUOTED_INCLUDE_IN_FRAMEWORK_HEADER = YES;
				CLANG_WARN_RANGE_LOOP_ANALYSIS = YES;
				CLANG_WARN_STRICT_PROTOTYPES = YES;
				CLANG_WARN_SUSPICIOUS_MOVE = YES;
				CLANG_WARN_UNGUARDED_AVAILABILITY = YES_AGGRESSIVE;
				CLANG_WARN_UNREACHABLE_CODE = YES;
				CLANG_WARN__DUPLICATE_METHOD_MATCH = YES;
				COPY_PHASE_STRIP = NO;
				DEBUG_INFORMATION_FORMAT = "dwarf-with-dsym";
				ENABLE_NS_ASSERTIONS = NO;
				ENABLE_STRICT_OBJC_MSGSEND = YES;
				ENABLE_USER_SCRIPT_SANDBOXING = YES;
				GCC_C_LANGUAGE_STANDARD = gnu17;
				GCC_NO_COMMON_BLOCKS = YES;
				GCC_WARN_64_TO_32_BIT_CONVERSION = YES;
				GCC_WARN_ABOUT_RETURN_TYPE = YES_ERROR;
				GCC_WARN_UNDECLARED_SELECTOR = YES;
				GCC_WARN_UNINITIALIZED_AUTOS = YES_AGGRESSIVE;
				GCC_WARN_UNUSED_FUNCTION = YES;
				GCC_WARN_UNUSED_VARIABLE = YES;
				IPHONEOS_DEPLOYMENT_TARGET = 17.0;
				MTL_ENABLE_DEBUG_INFO = NO;
				MTL_FAST_MATH = YES;
				SDKROOT = iphoneos;
				SWIFT_COMPILATION_MODE = wholemodule;
				VALIDATE_PRODUCT = YES;
			};
			name = Release;
		};
		C062A2AE87BE475E961C5CC0 /* Debug */ = {
			isa = XCBuildConfiguration;
			buildSettings = {
					ASSETCATALOG_COMPILER_APPICON_NAME = AppIcon;
					CODE_SIGN_STYLE = Automatic;
					CURRENT_PROJECT_VERSION = 1;
					DEVELOPMENT_TEAM = 3JA29GL46S;
					DEVELOPMENT_ASSET_PATHS = "";
				ENABLE_DEBUG_DYLIB = NO;
				ENABLE_PREVIEWS = YES;
				GENERATE_INFOPLIST_FILE = NO;
				INFOPLIST_FILE = MudsnoteCompanion/Info.plist;
				INFOPLIST_KEY_UIApplicationSupportsIndirectInputEvents = YES;
				IPHONEOS_DEPLOYMENT_TARGET = 17.0;
				LD_RUNPATH_SEARCH_PATHS = (
					"$(inherited)",
					"@executable_path/Frameworks",
				);
				MARKETING_VERSION = 1.0;
				PRODUCT_BUNDLE_IDENTIFIER = app.mudsnote.companion;
				PRODUCT_NAME = "$(TARGET_NAME)";
				SUPPORTED_PLATFORMS = "iphoneos iphonesimulator";
				SUPPORTS_MACCATALYST = NO;
				SUPPORTS_MAC_DESIGNED_FOR_IPHONE_IPAD = NO;
				SWIFT_EMIT_LOC_STRINGS = YES;
				SWIFT_VERSION = 5.0;
					TARGETED_DEVICE_FAMILY = 1;
			};
			name = Debug;
		};
		03D012A1AC4249F199E69BA5 /* Release */ = {
			isa = XCBuildConfiguration;
			buildSettings = {
					ASSETCATALOG_COMPILER_APPICON_NAME = AppIcon;
					CODE_SIGN_STYLE = Automatic;
					CURRENT_PROJECT_VERSION = 1;
					DEVELOPMENT_TEAM = 3JA29GL46S;
					DEVELOPMENT_ASSET_PATHS = "";
				ENABLE_PREVIEWS = YES;
				GENERATE_INFOPLIST_FILE = NO;
				INFOPLIST_FILE = MudsnoteCompanion/Info.plist;
				INFOPLIST_KEY_UIApplicationSupportsIndirectInputEvents = YES;
				IPHONEOS_DEPLOYMENT_TARGET = 17.0;
				LD_RUNPATH_SEARCH_PATHS = (
					"$(inherited)",
					"@executable_path/Frameworks",
				);
				MARKETING_VERSION = 1.0;
				PRODUCT_BUNDLE_IDENTIFIER = app.mudsnote.companion;
				PRODUCT_NAME = "$(TARGET_NAME)";
				SUPPORTED_PLATFORMS = "iphoneos iphonesimulator";
				SUPPORTS_MACCATALYST = NO;
				SUPPORTS_MAC_DESIGNED_FOR_IPHONE_IPAD = NO;
				SWIFT_EMIT_LOC_STRINGS = YES;
				SWIFT_VERSION = 5.0;
					TARGETED_DEVICE_FAMILY = 1;
			};
			name = Release;
		};
		38F68F1A707F42EA9E89AE2D /* Debug */ = {
			isa = XCBuildConfiguration;
			buildSettings = {
					APPLICATION_EXTENSION_API_ONLY = YES;
					CODE_SIGN_STYLE = Automatic;
					CURRENT_PROJECT_VERSION = 1;
					DEVELOPMENT_TEAM = 3JA29GL46S;
					ENABLE_DEBUG_DYLIB = NO;
				ENABLE_PREVIEWS = YES;
				GENERATE_INFOPLIST_FILE = NO;
				INFOPLIST_FILE = MudsnoteCompanionWidget/Info.plist;
				IPHONEOS_DEPLOYMENT_TARGET = 17.0;
				LD_RUNPATH_SEARCH_PATHS = (
					"$(inherited)",
					"@executable_path/Frameworks",
					"@executable_path/../../Frameworks",
				);
				MARKETING_VERSION = 1.0;
				PRODUCT_BUNDLE_IDENTIFIER = app.mudsnote.companion.widget;
				PRODUCT_NAME = "$(TARGET_NAME)";
				SKIP_INSTALL = YES;
				SUPPORTED_PLATFORMS = "iphoneos iphonesimulator";
				SUPPORTS_MACCATALYST = NO;
				SUPPORTS_MAC_DESIGNED_FOR_IPHONE_IPAD = NO;
				SWIFT_EMIT_LOC_STRINGS = YES;
				SWIFT_VERSION = 5.0;
					TARGETED_DEVICE_FAMILY = 1;
			};
			name = Debug;
		};
		519A363DDA634CACA1C7323E /* Release */ = {
			isa = XCBuildConfiguration;
			buildSettings = {
					APPLICATION_EXTENSION_API_ONLY = YES;
					CODE_SIGN_STYLE = Automatic;
					CURRENT_PROJECT_VERSION = 1;
					DEVELOPMENT_TEAM = 3JA29GL46S;
					ENABLE_PREVIEWS = YES;
				GENERATE_INFOPLIST_FILE = NO;
				INFOPLIST_FILE = MudsnoteCompanionWidget/Info.plist;
				IPHONEOS_DEPLOYMENT_TARGET = 17.0;
				LD_RUNPATH_SEARCH_PATHS = (
					"$(inherited)",
					"@executable_path/Frameworks",
					"@executable_path/../../Frameworks",
				);
				MARKETING_VERSION = 1.0;
				PRODUCT_BUNDLE_IDENTIFIER = app.mudsnote.companion.widget;
				PRODUCT_NAME = "$(TARGET_NAME)";
				SKIP_INSTALL = YES;
				SUPPORTED_PLATFORMS = "iphoneos iphonesimulator";
				SUPPORTS_MACCATALYST = NO;
				SUPPORTS_MAC_DESIGNED_FOR_IPHONE_IPAD = NO;
				SWIFT_EMIT_LOC_STRINGS = YES;
				SWIFT_VERSION = 5.0;
					TARGETED_DEVICE_FAMILY = 1;
			};
			name = Release;
		};
		A1000000000000000000000C /* Debug */ = {
			isa = XCBuildConfiguration;
			buildSettings = {
				BUNDLE_LOADER = "$(TEST_HOST)";
				CODE_SIGN_STYLE = Automatic;
				CURRENT_PROJECT_VERSION = 1;
				DEVELOPMENT_TEAM = 3JA29GL46S;
				GENERATE_INFOPLIST_FILE = YES;
				IPHONEOS_DEPLOYMENT_TARGET = 17.0;
				LD_RUNPATH_SEARCH_PATHS = (
					"$(inherited)",
					"@executable_path/Frameworks",
					"@loader_path/Frameworks",
				);
				MARKETING_VERSION = 1.0;
				PRODUCT_BUNDLE_IDENTIFIER = app.mudsnote.companion.tests;
				PRODUCT_NAME = "$(TARGET_NAME)";
				SUPPORTED_PLATFORMS = "iphoneos iphonesimulator";
				SWIFT_ACTIVE_COMPILATION_CONDITIONS = DEBUG;
				SWIFT_VERSION = 5.0;
				TARGETED_DEVICE_FAMILY = 1;
				TEST_HOST = "$(BUILT_PRODUCTS_DIR)/MudsnoteCompanion.app/$(BUNDLE_EXECUTABLE_FOLDER_PATH)/MudsnoteCompanion";
			};
			name = Debug;
		};
		A1000000000000000000000D /* Release */ = {
			isa = XCBuildConfiguration;
			buildSettings = {
				BUNDLE_LOADER = "$(TEST_HOST)";
				CODE_SIGN_STYLE = Automatic;
				CURRENT_PROJECT_VERSION = 1;
				DEVELOPMENT_TEAM = 3JA29GL46S;
				GENERATE_INFOPLIST_FILE = YES;
				IPHONEOS_DEPLOYMENT_TARGET = 17.0;
				LD_RUNPATH_SEARCH_PATHS = (
					"$(inherited)",
					"@executable_path/Frameworks",
					"@loader_path/Frameworks",
				);
				MARKETING_VERSION = 1.0;
				PRODUCT_BUNDLE_IDENTIFIER = app.mudsnote.companion.tests;
				PRODUCT_NAME = "$(TARGET_NAME)";
				SUPPORTED_PLATFORMS = "iphoneos iphonesimulator";
				SWIFT_VERSION = 5.0;
				TARGETED_DEVICE_FAMILY = 1;
				TEST_HOST = "$(BUILT_PRODUCTS_DIR)/MudsnoteCompanion.app/$(BUNDLE_EXECUTABLE_FOLDER_PATH)/MudsnoteCompanion";
			};
			name = Release;
		};
		C4000000000000000000000B /* Debug */ = {
			isa = XCBuildConfiguration;
			buildSettings = {
				CODE_SIGN_STYLE = Automatic;
				CURRENT_PROJECT_VERSION = 1;
				DEVELOPMENT_TEAM = 3JA29GL46S;
				GENERATE_INFOPLIST_FILE = YES;
				IPHONEOS_DEPLOYMENT_TARGET = 17.0;
				MARKETING_VERSION = 1.0;
				PRODUCT_BUNDLE_IDENTIFIER = app.mudsnote.companion.uitests;
				PRODUCT_NAME = "$(TARGET_NAME)";
				SUPPORTED_PLATFORMS = "iphoneos iphonesimulator";
				SWIFT_VERSION = 5.0;
				TARGETED_DEVICE_FAMILY = 1;
				TEST_TARGET_NAME = MudsnoteCompanion;
			};
			name = Debug;
		};
		C4000000000000000000000C /* Release */ = {
			isa = XCBuildConfiguration;
			buildSettings = {
				CODE_SIGN_STYLE = Automatic;
				CURRENT_PROJECT_VERSION = 1;
				DEVELOPMENT_TEAM = 3JA29GL46S;
				GENERATE_INFOPLIST_FILE = YES;
				IPHONEOS_DEPLOYMENT_TARGET = 17.0;
				MARKETING_VERSION = 1.0;
				PRODUCT_BUNDLE_IDENTIFIER = app.mudsnote.companion.uitests;
				PRODUCT_NAME = "$(TARGET_NAME)";
				SUPPORTED_PLATFORMS = "iphoneos iphonesimulator";
				SWIFT_VERSION = 5.0;
				TARGETED_DEVICE_FAMILY = 1;
				TEST_TARGET_NAME = MudsnoteCompanion;
			};
			name = Release;
		};
/* End XCBuildConfiguration section */

/* Begin XCConfigurationList section */
		F2346075F3964A98975E28EB /* Build configuration list for PBXProject "MudsnoteCompanion" */ = {
			isa = XCConfigurationList;
			buildConfigurations = (
				A31960730C254B15B4D65DC6 /* Debug */,
				90618A1A4D714D5281D57B81 /* Release */,
			);
			defaultConfigurationIsVisible = 0;
			defaultConfigurationName = Release;
		};
		BA6A70234BAA477CA8161F9B /* Build configuration list for PBXNativeTarget "MudsnoteCompanion" */ = {
			isa = XCConfigurationList;
			buildConfigurations = (
				C062A2AE87BE475E961C5CC0 /* Debug */,
				03D012A1AC4249F199E69BA5 /* Release */,
			);
			defaultConfigurationIsVisible = 0;
			defaultConfigurationName = Release;
		};
		70818856113340068C205B14 /* Build configuration list for PBXNativeTarget "MudsnoteCompanionWidget" */ = {
			isa = XCConfigurationList;
			buildConfigurations = (
				38F68F1A707F42EA9E89AE2D /* Debug */,
				519A363DDA634CACA1C7323E /* Release */,
			);
			defaultConfigurationIsVisible = 0;
			defaultConfigurationName = Release;
		};
		A10000000000000000000008 /* Build configuration list for PBXNativeTarget "MudsnoteCompanionTests" */ = {
			isa = XCConfigurationList;
			buildConfigurations = (
				A1000000000000000000000C /* Debug */,
				A1000000000000000000000D /* Release */,
			);
			defaultConfigurationIsVisible = 0;
			defaultConfigurationName = Release;
		};
		C4000000000000000000000D /* Build configuration list for PBXNativeTarget "MudsnoteCompanionUITests" */ = {
			isa = XCConfigurationList;
			buildConfigurations = (
				C4000000000000000000000B /* Debug */,
				C4000000000000000000000C /* Release */,
			);
			defaultConfigurationIsVisible = 0;
			defaultConfigurationName = Release;
		};
/* End XCConfigurationList section */
	};
	rootObject = 396D4DE4F5EC406CA591B3BA /* Project object */;
}
